
Microsoft Visual Studio Solution File, Format Version 12.00
# Visual Studio Version 17
VisualStudioVersion = 17.7.34031.279
MinimumVisualStudioVersion = 10.0.40219.1
Project("{9A19103F-16F7-4668-BE54-9A1E7A4F7556}") = "MelodyMuseAPI", "MelodyMuseAPI-DotNet8\MelodyMuseAPI.csproj", "{EC4496E2-C3C9-48A7-9043-6334743883CA}"
EndProject
Project("{9A19103F-16F7-4668-BE54-9A1E7A4F7556}") = "Test", "Test\Test.csproj", "{9EDF958C-55D7-49A5-96FB-4C515C34D3BC}"
EndProject
Global
	GlobalSection(SolutionConfigurationPlatforms) = preSolution
		Debug|Any CPU = Debug|Any CPU
		Release|Any CPU = Release|Any CPU
	EndGlobalSection
	GlobalSection(ProjectConfigurationPlatforms) = postSolution
		{EC4496E2-C3C9-48A7-9043-6334743883CA}.Debug|Any CPU.ActiveCfg = Debug|Any CPU
		{EC4496E2-C3C9-48A7-9043-6334743883CA}.Debug|Any CPU.Build.0 = Debug|Any CPU
		{EC4496E2-C3C9-48A7-9043-6334743883CA}.Release|Any CPU.ActiveCfg = Release|Any CPU
		{EC4496E2-C3C9-48A7-9043-6334743883CA}.Release|Any CPU.Build.0 = Release|Any CPU
		{9EDF958C-55D7-49A5-96FB-4C515C34D3BC}.Debug|Any CPU.ActiveCfg = Debug|Any CPU
		{9EDF958C-55D7-49A5-96FB-4C515C34D3BC}.Debug|Any CPU.Build.0 = Debug|Any CPU
		{9EDF958C-55D7-49A5-96FB-4C515C34D3BC}.Release|Any CPU.ActiveCfg = Release|Any CPU
		{9EDF958C-55D7-49A5-96FB-4C515C34D3BC}.Release|Any CPU.Build.0 = Release|Any CPU
	EndGlobalSection
	GlobalSection(SolutionProperties) = preSolution
		HideSolutionNode = FALSE
	EndGlobalSection
	GlobalSection(ExtensibilityGlobals) = postSolution
		SolutionGuid = {4029036E-9185-4CED-ADD5-8EB189A10CAF}
	EndGlobalSection
EndGlobal
